
Microsoft Visual Studio Solution File, Format Version 12.00
# Visual Studio Version 17
VisualStudioVersion = 17.5.33530.505
MinimumVisualStudioVersion = 10.0.40219.1
Project("{FAE04EC0-301F-11D3-BF4B-00C04F79EFBC}") = "Crud-Loja", "Crud-Loja\Crud-Loja.csproj", "{0717A067-C928-4F64-AC29-E0752CEC5071}"
EndProject
Global
	GlobalSection(SolutionConfigurationPlatforms) = preSolution
		Debug|Any CPU = Debug|Any CPU
		Release|Any CPU = Release|Any CPU
	EndGlobalSection
	GlobalSection(ProjectConfigurationPlatforms) = postSolution
		{0717A067-C928-4F64-AC29-E0752CEC5071}.Debug|Any CPU.ActiveCfg = Debug|Any CPU
		{0717A067-C928-4F64-AC29-E0752CEC5071}.Debug|Any CPU.Build.0 = Debug|Any CPU
		{0717A067-C928-4F64-AC29-E0752CEC5071}.Release|Any CPU.ActiveCfg = Release|Any CPU
		{0717A067-C928-4F64-AC29-E0752CEC5071}.Release|Any CPU.Build.0 = Release|Any CPU
	EndGlobalSection
	GlobalSection(SolutionProperties) = preSolution
		HideSolutionNode = FALSE
	EndGlobalSection
	GlobalSection(ExtensibilityGlobals) = postSolution
		SolutionGuid = {32861942-6BF7-4117-8574-90FBE901F6F0}
	EndGlobalSection
EndGlobal
